
Microsoft Visual Studio Solution File, Format Version 12.00
# Visual Studio Version 16
VisualStudioVersion = 16.0.30413.136
MinimumVisualStudioVersion = 10.0.40219.1
Project("{FAE04EC0-301F-11D3-BF4B-00C04F79EFBC}") = "MultiplosDeUnNumero", "MultiplosDeUnNumero\MultiplosDeUnNumero.csproj", "{5C55CD1E-9EAA-4314-96AB-159DEC4F916D}"
EndProject
Global
	GlobalSection(SolutionConfigurationPlatforms) = preSolution
		Debug|Any CPU = Debug|Any CPU
		Release|Any CPU = Release|Any CPU
	EndGlobalSection
	GlobalSection(ProjectConfigurationPlatforms) = postSolution
		{5C55CD1E-9EAA-4314-96AB-159DEC4F916D}.Debug|Any CPU.ActiveCfg = Debug|Any CPU
		{5C55CD1E-9EAA-4314-96AB-159DEC4F916D}.Debug|Any CPU.Build.0 = Debug|Any CPU
		{5C55CD1E-9EAA-4314-96AB-159DEC4F916D}.Release|Any CPU.ActiveCfg = Release|Any CPU
		{5C55CD1E-9EAA-4314-96AB-159DEC4F916D}.Release|Any CPU.Build.0 = Release|Any CPU
	EndGlobalSection
	GlobalSection(SolutionProperties) = preSolution
		HideSolutionNode = FALSE
	EndGlobalSection
	GlobalSection(ExtensibilityGlobals) = postSolution
		SolutionGuid = {E9E48196-C8AD-46B1-82CA-2BE08B46FD21}
	EndGlobalSection
EndGlobal
